{
  "name": "@hugov/correl-range",
  "version": "0.6.0",
  "lockfileVersion": 2,
  "requires": true,
  "packages": {
    "": {
      "name": "@hugov/correl-range",
      "version": "0.6.0",
      "license": "MIT",
      "dependencies": {
        "@hugov/byte-views": "^0.1.0",
        "grosso-modo": "^4.3.0",
        "lazy-stats": "^4.2.0",
        "norm-dist": "^3.1.0",
        "sample-distribution": "^1.7.1"
      }
    },
    "node_modules/@hugov/byte-views": {
      "version": "0.1.0",
      "resolved": "https://registry.npmjs.org/@hugov/byte-views/-/byte-views-0.1.0.tgz",
      "integrity": "sha512-UcA+PDviovQSEWiKtuZN25x0cxtsmfy5N54qYxnPmQueSUZMg+GT2GeRG2wLN4AkSsy8c3RZg+YAbR7epujA2Q=="
    },
    "node_modules/grosso-modo": {
      "version": "4.3.0",
      "resolved": "https://registry.npmjs.org/grosso-modo/-/grosso-modo-4.3.0.tgz",
      "integrity": "sha512-jUTwX1wBiZeR4WiVyRn+tCDmwKEuzM20QHF6OaJanCFnGG+FR0NsdzjuCkJBEVuIWi1esqFl/TrUWFmpsh9Vxw==",
      "dependencies": {
        "norm-dist": "^3.1.0",
        "walk-z": "^3.0.1"
      }
    },
    "node_modules/lazy-stats": {
      "version": "4.2.0",
      "resolved": "https://registry.npmjs.org/lazy-stats/-/lazy-stats-4.2.0.tgz",
      "integrity": "sha512-nEe9rRHIjM3gS5o61Hiy4Iv9H+w+DvB0iJtvOdR3ggRvbl4fAQIjjgPRVxU+fyUlwHxXObu7W3on4OdrF87NSA==",
      "dependencies": {
        "@hugov/byte-views": "^0.1.0"
      }
    },
    "node_modules/norm-dist": {
      "version": "3.1.0",
      "resolved": "https://registry.npmjs.org/norm-dist/-/norm-dist-3.1.0.tgz",
      "integrity": "sha512-Bd1Kb0Qx5eWjNxft8gWwjqTCi7LI7kvsQb3fT+JbOj++3B4mZWiOt8fpgQ8LJF+/zvT05b2HHk9EKjkqzpsD/w=="
    },
    "node_modules/sample-distribution": {
      "version": "1.7.1",
      "resolved": "https://registry.npmjs.org/sample-distribution/-/sample-distribution-1.7.1.tgz",
      "integrity": "sha512-qzHs/tC38kCPm160S0t/TH06N1HEjhZtuAbFAG612LARdYrC68zCqVFGLaCbOcXZV29a32xZC4KsNuSLa9NJsQ=="
    },
    "node_modules/walk-z": {
      "version": "3.0.1",
      "resolved": "https://registry.npmjs.org/walk-z/-/walk-z-3.0.1.tgz",
      "integrity": "sha512-qXDZjhcKAllkdtpxOE3hTRMtysqLYnh0V13mmO7vFXFeliMs6mCrsP9KmwalLaEiMzVnkl7krDGRSEZNacGWZA==",
      "dependencies": {
        "norm-dist": "^2.0.1"
      }
    },
    "node_modules/walk-z/node_modules/norm-dist": {
      "version": "2.0.2",
      "resolved": "https://registry.npmjs.org/norm-dist/-/norm-dist-2.0.2.tgz",
      "integrity": "sha512-5MKDFbgclvpodGwiZaADVKH9IGb7cpgIDDJX6ucY3Z76S8Zk+u9ur888VBJfGVfwFsuSEn6Lta6WZRRZuxoI5w=="
    }
  },
  "dependencies": {
    "@hugov/byte-views": {
      "version": "0.1.0",
      "resolved": "https://registry.npmjs.org/@hugov/byte-views/-/byte-views-0.1.0.tgz",
      "integrity": "sha512-UcA+PDviovQSEWiKtuZN25x0cxtsmfy5N54qYxnPmQueSUZMg+GT2GeRG2wLN4AkSsy8c3RZg+YAbR7epujA2Q=="
    },
    "grosso-modo": {
      "version": "4.3.0",
      "resolved": "https://registry.npmjs.org/grosso-modo/-/grosso-modo-4.3.0.tgz",
      "integrity": "sha512-jUTwX1wBiZeR4WiVyRn+tCDmwKEuzM20QHF6OaJanCFnGG+FR0NsdzjuCkJBEVuIWi1esqFl/TrUWFmpsh9Vxw==",
      "requires": {
        "norm-dist": "^3.1.0",
        "walk-z": "^3.0.1"
      }
    },
    "lazy-stats": {
      "version": "4.2.0",
      "resolved": "https://registry.npmjs.org/lazy-stats/-/lazy-stats-4.2.0.tgz",
      "integrity": "sha512-nEe9rRHIjM3gS5o61Hiy4Iv9H+w+DvB0iJtvOdR3ggRvbl4fAQIjjgPRVxU+fyUlwHxXObu7W3on4OdrF87NSA==",
      "requires": {
        "@hugov/byte-views": "^0.1.0"
      }
    },
    "norm-dist": {
      "version": "3.1.0",
      "resolved": "https://registry.npmjs.org/norm-dist/-/norm-dist-3.1.0.tgz",
      "integrity": "sha512-Bd1Kb0Qx5eWjNxft8gWwjqTCi7LI7kvsQb3fT+JbOj++3B4mZWiOt8fpgQ8LJF+/zvT05b2HHk9EKjkqzpsD/w=="
    },
    "sample-distribution": {
      "version": "1.7.1",
      "resolved": "https://registry.npmjs.org/sample-distribution/-/sample-distribution-1.7.1.tgz",
      "integrity": "sha512-qzHs/tC38kCPm160S0t/TH06N1HEjhZtuAbFAG612LARdYrC68zCqVFGLaCbOcXZV29a32xZC4KsNuSLa9NJsQ=="
    },
    "walk-z": {
      "version": "3.0.1",
      "resolved": "https://registry.npmjs.org/walk-z/-/walk-z-3.0.1.tgz",
      "integrity": "sha512-qXDZjhcKAllkdtpxOE3hTRMtysqLYnh0V13mmO7vFXFeliMs6mCrsP9KmwalLaEiMzVnkl7krDGRSEZNacGWZA==",
      "requires": {
        "norm-dist": "^2.0.1"
      },
      "dependencies": {
        "norm-dist": {
          "version": "2.0.2",
          "resolved": "https://registry.npmjs.org/norm-dist/-/norm-dist-2.0.2.tgz",
          "integrity": "sha512-5MKDFbgclvpodGwiZaADVKH9IGb7cpgIDDJX6ucY3Z76S8Zk+u9ur888VBJfGVfwFsuSEn6Lta6WZRRZuxoI5w=="
        }
      }
    }
  }
}
